// !$*UTF8*$!
{
	archiveVersion = 1;
	classes = {
	};
	objectVersion = 77;
	objects = {

/* Begin PBXBuildFile section */
		1711FA2D2DDE699500753535 /* Factory in Frameworks */ = {isa = PBXBuildFile; productRef = 1711FA2C2DDE699500753535 /* Factory */; };
		1711FA312DDE699500753535 /* FactoryTesting in Frameworks */ = {isa = PBXBuildFile; productRef = 1711FA302DDE699500753535 /* FactoryTesting */; };
		176A7BA22DDF717B00E322D7 /* FactoryKit in Frameworks */ = {isa = PBXBuildFile; productRef = 176A7BA12DDF717B00E322D7 /* FactoryKit */; };
/* End PBXBuildFile section */

/* Begin PBXContainerItemProxy section */
		1711F94D2DDE16D700753535 /* PBXContainerItemProxy */ = {
			isa = PBXContainerItemProxy;
			containerPortal = 1711F9342DDE16D500753535 /* Project object */;
			proxyType = 1;
			remoteGlobalIDString = 1711F93B2DDE16D500753535;
			remoteInfo = CryptoTest;
		};
/* End PBXContainerItemProxy section */

/* Begin PBXFileReference section */
		1711F93C2DDE16D500753535 /* CryptoTest.app */ = {isa = PBXFileReference; explicitFileType = wrapper.application; includeInIndex = 0; path = CryptoTest.app; sourceTree = BUILT_PRODUCTS_DIR; };
		1711F94C2DDE16D700753535 /* CryptoTestTests.xctest */ = {isa = PBXFileReference; explicitFileType = wrapper.cfbundle; includeInIndex = 0; path = CryptoTestTests.xctest; sourceTree = BUILT_PRODUCTS_DIR; };
/* End PBXFileReference section */

/* Begin PBXFileSystemSynchronizedBuildFileExceptionSet section */
		176A7B9B2DDF6DCE00E322D7 /* Exceptions for "CryptoTestTests" folder in "CryptoTest" target */ = {
			isa = PBXFileSystemSynchronizedBuildFileExceptionSet;
			membershipExceptions = (
				Mocks/MockMarketService.swift,
				Mocks/MockMarketWebSocketService.swift,
			);
			target = 1711F93B2DDE16D500753535 /* CryptoTest */;
		};
		176A7B9C2DDF6DCE00E322D7 /* Exceptions for "CryptoTestTests" folder in "CryptoTestTests" target */ = {
			isa = PBXFileSystemSynchronizedBuildFileExceptionSet;
			membershipExceptions = (
				Mocks/MockMarketService.swift,
				Mocks/MockMarketWebSocketService.swift,
			);
			target = 1711F94B2DDE16D700753535 /* CryptoTestTests */;
		};
/* End PBXFileSystemSynchronizedBuildFileExceptionSet section */

/* Begin PBXFileSystemSynchronizedRootGroup section */
		1711F93E2DDE16D500753535 /* CryptoTest */ = {
			isa = PBXFileSystemSynchronizedRootGroup;
			path = CryptoTest;
			sourceTree = "<group>";
		};
		1711F94F2DDE16D700753535 /* CryptoTestTests */ = {
			isa = PBXFileSystemSynchronizedRootGroup;
			exceptions = (
				176A7B9B2DDF6DCE00E322D7 /* Exceptions for "CryptoTestTests" folder in "CryptoTest" target */,
				176A7B9C2DDF6DCE00E322D7 /* Exceptions for "CryptoTestTests" folder in "CryptoTestTests" target */,
			);
			path = CryptoTestTests;
			sourceTree = "<group>";
		};
/* End PBXFileSystemSynchronizedRootGroup section */

/* Begin PBXFrameworksBuildPhase section */
		1711F9392DDE16D500753535 /* Frameworks */ = {
			isa = PBXFrameworksBuildPhase;
			buildActionMask = 2147483647;
			files = (
				176A7BA22DDF717B00E322D7 /* FactoryKit in Frameworks */,
				1711FA2D2DDE699500753535 /* Factory in Frameworks */,
			);
			runOnlyForDeploymentPostprocessing = 0;
		};
		1711F9492DDE16D700753535 /* Frameworks */ = {
			isa = PBXFrameworksBuildPhase;
			buildActionMask = 2147483647;
			files = (
				1711FA312DDE699500753535 /* FactoryTesting in Frameworks */,
			);
			runOnlyForDeploymentPostprocessing = 0;
		};
/* End PBXFrameworksBuildPhase section */

/* Begin PBXGroup section */
		1711F9332DDE16D500753535 = {
			isa = PBXGroup;
			children = (
				1711F93E2DDE16D500753535 /* CryptoTest */,
				1711F94F2DDE16D700753535 /* CryptoTestTests */,
				176A7BA02DDF717B00E322D7 /* Frameworks */,
				1711F93D2DDE16D500753535 /* Products */,
			);
			sourceTree = "<group>";
		};
		1711F93D2DDE16D500753535 /* Products */ = {
			isa = PBXGroup;
			children = (
				1711F93C2DDE16D500753535 /* CryptoTest.app */,
				1711F94C2DDE16D700753535 /* CryptoTestTests.xctest */,
			);
			name = Products;
			sourceTree = "<group>";
		};
		176A7BA02DDF717B00E322D7 /* Frameworks */ = {
			isa = PBXGroup;
			children = (
			);
			name = Frameworks;
			sourceTree = "<group>";
		};
/* End PBXGroup section */

/* Begin PBXNativeTarget section */
		1711F93B2DDE16D500753535 /* CryptoTest */ = {
			isa = PBXNativeTarget;
			buildConfigurationList = 1711F9602DDE16D700753535 /* Build configuration list for PBXNativeTarget "CryptoTest" */;
			buildPhases = (
				1711F9382DDE16D500753535 /* Sources */,
				1711F9392DDE16D500753535 /* Frameworks */,
				1711F93A2DDE16D500753535 /* Resources */,
			);
			buildRules = (
			);
			dependencies = (
			);
			fileSystemSynchronizedGroups = (
				1711F93E2DDE16D500753535 /* CryptoTest */,
			);
			name = CryptoTest;
			packageProductDependencies = (
				1711FA2C2DDE699500753535 /* Factory */,
				176A7BA12DDF717B00E322D7 /* FactoryKit */,
			);
			productName = CryptoTest;
			productReference = 1711F93C2DDE16D500753535 /* CryptoTest.app */;
			productType = "com.apple.product-type.application";
		};
		1711F94B2DDE16D700753535 /* CryptoTestTests */ = {
			isa = PBXNativeTarget;
			buildConfigurationList = 1711F9632DDE16D700753535 /* Build configuration list for PBXNativeTarget "CryptoTestTests" */;
			buildPhases = (
				1711F9482DDE16D700753535 /* Sources */,
				1711F9492DDE16D700753535 /* Frameworks */,
				1711F94A2DDE16D700753535 /* Resources */,
			);
			buildRules = (
			);
			dependencies = (
				1711F94E2DDE16D700753535 /* PBXTargetDependency */,
			);
			fileSystemSynchronizedGroups = (
				1711F94F2DDE16D700753535 /* CryptoTestTests */,
			);
			name = CryptoTestTests;
			packageProductDependencies = (
				1711FA302DDE699500753535 /* FactoryTesting */,
			);
			productName = CryptoTestTests;
			productReference = 1711F94C2DDE16D700753535 /* CryptoTestTests.xctest */;
			productType = "com.apple.product-type.bundle.unit-test";
		};
/* End PBXNativeTarget section */

/* Begin PBXProject section */
		1711F9342DDE16D500753535 /* Project object */ = {
			isa = PBXProject;
			attributes = {
				BuildIndependentTargetsInParallel = 1;
				LastSwiftUpdateCheck = 1620;
				LastUpgradeCheck = 1620;
				TargetAttributes = {
					1711F93B2DDE16D500753535 = {
						CreatedOnToolsVersion = 16.2;
					};
					1711F94B2DDE16D700753535 = {
						CreatedOnToolsVersion = 16.2;
						TestTargetID = 1711F93B2DDE16D500753535;
					};
				};
			};
			buildConfigurationList = 1711F9372DDE16D500753535 /* Build configuration list for PBXProject "CryptoTest" */;
			developmentRegion = en;
			hasScannedForEncodings = 0;
			knownRegions = (
				en,
				Base,
			);
			mainGroup = 1711F9332DDE16D500753535;
			minimizedProjectReferenceProxies = 1;
			packageReferences = (
				1711FA2B2DDE699500753535 /* XCRemoteSwiftPackageReference "Factory" */,
			);
			preferredProjectObjectVersion = 77;
			productRefGroup = 1711F93D2DDE16D500753535 /* Products */;
			projectDirPath = "";
			projectRoot = "";
			targets = (
				1711F93B2DDE16D500753535 /* CryptoTest */,
				1711F94B2DDE16D700753535 /* CryptoTestTests */,
			);
		};
/* End PBXProject section */

/* Begin PBXResourcesBuildPhase section */
		1711F93A2DDE16D500753535 /* Resources */ = {
			isa = PBXResourcesBuildPhase;
			buildActionMask = 2147483647;
			files = (
			);
			runOnlyForDeploymentPostprocessing = 0;
		};
		1711F94A2DDE16D700753535 /* Resources */ = {
			isa = PBXResourcesBuildPhase;
			buildActionMask = 2147483647;
			files = (
			);
			runOnlyForDeploymentPostprocessing = 0;
		};
/* End PBXResourcesBuildPhase section */

/* Begin PBXSourcesBuildPhase section */
		1711F9382DDE16D500753535 /* Sources */ = {
			isa = PBXSourcesBuildPhase;
			buildActionMask = 2147483647;
			files = (
			);
			runOnlyForDeploymentPostprocessing = 0;
		};
		1711F9482DDE16D700753535 /* Sources */ = {
			isa = PBXSourcesBuildPhase;
			buildActionMask = 2147483647;
			files = (
			);
			runOnlyForDeploymentPostprocessing = 0;
		};
/* End PBXSourcesBuildPhase section */

/* Begin PBXTargetDependency section */
		1711F94E2DDE16D700753535 /* PBXTargetDependency */ = {
			isa = PBXTargetDependency;
			target = 1711F93B2DDE16D500753535 /* CryptoTest */;
			targetProxy = 1711F94D2DDE16D700753535 /* PBXContainerItemProxy */;
		};
/* End PBXTargetDependency section */

/* Begin XCBuildConfiguration section */
		1711F95E2DDE16D700753535 /* Debug */ = {
			isa = XCBuildConfiguration;
			buildSettings = {
				ALWAYS_SEARCH_USER_PATHS = NO;
				ASSETCATALOG_COMPILER_GENERATE_SWIFT_ASSET_SYMBOL_EXTENSIONS = YES;
				CLANG_ANALYZER_NONNULL = YES;
				CLANG_ANALYZER_NUMBER_OBJECT_CONVERSION = YES_AGGRESSIVE;
				CLANG_CXX_LANGUAGE_STANDARD = "gnu++20";
				CLANG_ENABLE_MODULES = YES;
				CLANG_ENABLE_OBJC_ARC = YES;
				CLANG_ENABLE_OBJC_WEAK = YES;
				CLANG_WARN_BLOCK_CAPTURE_AUTORELEASING = YES;
				CLANG_WARN_BOOL_CONVERSION = YES;
				CLANG_WARN_COMMA = YES;
				CLANG_WARN_CONSTANT_CONVERSION = YES;
				CLANG_WARN_DEPRECATED_OBJC_IMPLEMENTATIONS = YES;
				CLANG_WARN_DIRECT_OBJC_ISA_USAGE = YES_ERROR;
				CLANG_WARN_DOCUMENTATION_COMMENTS = YES;
				CLANG_WARN_EMPTY_BODY = YES;
				CLANG_WARN_ENUM_CONVERSION = YES;
				CLANG_WARN_INFINITE_RECURSION = YES;
				CLANG_WARN_INT_CONVERSION = YES;
				CLANG_WARN_NON_LITERAL_NULL_CONVERSION = YES;
				CLANG_WARN_OBJC_IMPLICIT_RETAIN_SELF = YES;
				CLANG_WARN_OBJC_LITERAL_CONVERSION = YES;
				CLANG_WARN_OBJC_ROOT_CLASS = YES_ERROR;
				CLANG_WARN_QUOTED_INCLUDE_IN_FRAMEWORK_HEADER = YES;
				CLANG_WARN_RANGE_LOOP_ANALYSIS = YES;
				CLANG_WARN_STRICT_PROTOTYPES = YES;
				CLANG_WARN_SUSPICIOUS_MOVE = YES;
				CLANG_WARN_UNGUARDED_AVAILABILITY = YES_AGGRESSIVE;
				CLANG_WARN_UNREACHABLE_CODE = YES;
				CLANG_WARN__DUPLICATE_METHOD_MATCH = YES;
				COPY_PHASE_STRIP = NO;
				DEBUG_INFORMATION_FORMAT = dwarf;
				ENABLE_STRICT_OBJC_MSGSEND = YES;
				ENABLE_TESTABILITY = YES;
				ENABLE_USER_SCRIPT_SANDBOXING = YES;
				GCC_C_LANGUAGE_STANDARD = gnu17;
				GCC_DYNAMIC_NO_PIC = NO;
				GCC_NO_COMMON_BLOCKS = YES;
				GCC_OPTIMIZATION_LEVEL = 0;
				GCC_PREPROCESSOR_DEFINITIONS = (
					"DEBUG=1",
					"$(inherited)",
				);
				GCC_WARN_64_TO_32_BIT_CONVERSION = YES;
				GCC_WARN_ABOUT_RETURN_TYPE = YES_ERROR;
				GCC_WARN_UNDECLARED_SELECTOR = YES;
				GCC_WARN_UNINITIALIZED_AUTOS = YES_AGGRESSIVE;
				GCC_WARN_UNUSED_FUNCTION = YES;
				GCC_WARN_UNUSED_VARIABLE = YES;
				IPHONEOS_DEPLOYMENT_TARGET = 18.2;
				LOCALIZATION_PREFERS_STRING_CATALOGS = YES;
				MTL_ENABLE_DEBUG_INFO = INCLUDE_SOURCE;
				MTL_FAST_MATH = YES;
				ONLY_ACTIVE_ARCH = YES;
				SDKROOT = iphoneos;
				SWIFT_ACTIVE_COMPILATION_CONDITIONS = "DEBUG $(inherited)";
				SWIFT_OPTIMIZATION_LEVEL = "-Onone";
			};
			name = Debug;
		};
		1711F95F2DDE16D700753535 /* Release */ = {
			isa = XCBuildConfiguration;
			buildSettings = {
				ALWAYS_SEARCH_USER_PATHS = NO;
				ASSETCATALOG_COMPILER_GENERATE_SWIFT_ASSET_SYMBOL_EXTENSIONS = YES;
				CLANG_ANALYZER_NONNULL = YES;
				CLANG_ANALYZER_NUMBER_OBJECT_CONVERSION = YES_AGGRESSIVE;
				CLANG_CXX_LANGUAGE_STANDARD = "gnu++20";
				CLANG_ENABLE_MODULES = YES;
				CLANG_ENABLE_OBJC_ARC = YES;
				CLANG_ENABLE_OBJC_WEAK = YES;
				CLANG_WARN_BLOCK_CAPTURE_AUTORELEASING = YES;
				CLANG_WARN_BOOL_CONVERSION = YES;
				CLANG_WARN_COMMA = YES;
				CLANG_WARN_CONSTANT_CONVERSION = YES;
				CLANG_WARN_DEPRECATED_OBJC_IMPLEMENTATIONS = YES;
				CLANG_WARN_DIRECT_OBJC_ISA_USAGE = YES_ERROR;
				CLANG_WARN_DOCUMENTATION_COMMENTS = YES;
				CLANG_WARN_EMPTY_BODY = YES;
				CLANG_WARN_ENUM_CONVERSION = YES;
				CLANG_WARN_INFINITE_RECURSION = YES;
				CLANG_WARN_INT_CONVERSION = YES;
				CLANG_WARN_NON_LITERAL_NULL_CONVERSION = YES;
				CLANG_WARN_OBJC_IMPLICIT_RETAIN_SELF = YES;
				CLANG_WARN_OBJC_LITERAL_CONVERSION = YES;
				CLANG_WARN_OBJC_ROOT_CLASS = YES_ERROR;
				CLANG_WARN_QUOTED_INCLUDE_IN_FRAMEWORK_HEADER = YES;
				CLANG_WARN_RANGE_LOOP_ANALYSIS = YES;
				CLANG_WARN_STRICT_PROTOTYPES = YES;
				CLANG_WARN_SUSPICIOUS_MOVE = YES;
				CLANG_WARN_UNGUARDED_AVAILABILITY = YES_AGGRESSIVE;
				CLANG_WARN_UNREACHABLE_CODE = YES;
				CLANG_WARN__DUPLICATE_METHOD_MATCH = YES;
				COPY_PHASE_STRIP = NO;
				DEBUG_INFORMATION_FORMAT = "dwarf-with-dsym";
				ENABLE_NS_ASSERTIONS = NO;
				ENABLE_STRICT_OBJC_MSGSEND = YES;
				ENABLE_USER_SCRIPT_SANDBOXING = YES;
				GCC_C_LANGUAGE_STANDARD = gnu17;
				GCC_NO_COMMON_BLOCKS = YES;
				GCC_WARN_64_TO_32_BIT_CONVERSION = YES;
				GCC_WARN_ABOUT_RETURN_TYPE = YES_ERROR;
				GCC_WARN_UNDECLARED_SELECTOR = YES;
				GCC_WARN_UNINITIALIZED_AUTOS = YES_AGGRESSIVE;
				GCC_WARN_UNUSED_FUNCTION = YES;
				GCC_WARN_UNUSED_VARIABLE = YES;
				IPHONEOS_DEPLOYMENT_TARGET = 18.2;
				LOCALIZATION_PREFERS_STRING_CATALOGS = YES;
				MTL_ENABLE_DEBUG_INFO = NO;
				MTL_FAST_MATH = YES;
				SDKROOT = iphoneos;
				SWIFT_COMPILATION_MODE = wholemodule;
				VALIDATE_PRODUCT = YES;
			};
			name = Release;
		};
		1711F9612DDE16D700753535 /* Debug */ = {
			isa = XCBuildConfiguration;
			buildSettings = {
				ASSETCATALOG_COMPILER_APPICON_NAME = AppIcon;
				ASSETCATALOG_COMPILER_GLOBAL_ACCENT_COLOR_NAME = AccentColor;
				CODE_SIGN_STYLE = Automatic;
				CURRENT_PROJECT_VERSION = 1;
				DEVELOPMENT_ASSET_PATHS = "\"CryptoTest/Preview Content\"";
				DEVELOPMENT_TEAM = 25FS7KFAQF;
				ENABLE_PREVIEWS = YES;
				GENERATE_INFOPLIST_FILE = YES;
				INFOPLIST_KEY_UIApplicationSceneManifest_Generation = YES;
				INFOPLIST_KEY_UIApplicationSupportsIndirectInputEvents = YES;
				INFOPLIST_KEY_UILaunchScreen_Generation = YES;
				INFOPLIST_KEY_UISupportedInterfaceOrientations = UIInterfaceOrientationPortrait;
				LD_RUNPATH_SEARCH_PATHS = (
					"$(inherited)",
					"@executable_path/Frameworks",
				);
				MARKETING_VERSION = 1.0;
				PRODUCT_BUNDLE_IDENTIFIER = "n-a.CryptoTest";
				PRODUCT_NAME = "$(TARGET_NAME)";
				SUPPORTED_PLATFORMS = "iphoneos iphonesimulator";
				SUPPORTS_MACCATALYST = NO;
				SUPPORTS_MAC_DESIGNED_FOR_IPHONE_IPAD = NO;
				SUPPORTS_XR_DESIGNED_FOR_IPHONE_IPAD = NO;
				SWIFT_EMIT_LOC_STRINGS = YES;
				SWIFT_VERSION = 6.0;
				TARGETED_DEVICE_FAMILY = 1;
			};
			name = Debug;
		};
		1711F9622DDE16D700753535 /* Release */ = {
			isa = XCBuildConfiguration;
			buildSettings = {
				ASSETCATALOG_COMPILER_APPICON_NAME = AppIcon;
				ASSETCATALOG_COMPILER_GLOBAL_ACCENT_COLOR_NAME = AccentColor;
				CODE_SIGN_STYLE = Automatic;
				CURRENT_PROJECT_VERSION = 1;
				DEVELOPMENT_ASSET_PATHS = "\"CryptoTest/Preview Content\"";
				DEVELOPMENT_TEAM = 25FS7KFAQF;
				ENABLE_PREVIEWS = YES;
				GENERATE_INFOPLIST_FILE = YES;
				INFOPLIST_KEY_UIApplicationSceneManifest_Generation = YES;
				INFOPLIST_KEY_UIApplicationSupportsIndirectInputEvents = YES;
				INFOPLIST_KEY_UILaunchScreen_Generation = YES;
				INFOPLIST_KEY_UISupportedInterfaceOrientations = UIInterfaceOrientationPortrait;
				LD_RUNPATH_SEARCH_PATHS = (
					"$(inherited)",
					"@executable_path/Frameworks",
				);
				MARKETING_VERSION = 1.0;
				PRODUCT_BUNDLE_IDENTIFIER = "n-a.CryptoTest";
				PRODUCT_NAME = "$(TARGET_NAME)";
				SUPPORTED_PLATFORMS = "iphoneos iphonesimulator";
				SUPPORTS_MACCATALYST = NO;
				SUPPORTS_MAC_DESIGNED_FOR_IPHONE_IPAD = NO;
				SUPPORTS_XR_DESIGNED_FOR_IPHONE_IPAD = NO;
				SWIFT_EMIT_LOC_STRINGS = YES;
				SWIFT_VERSION = 6.0;
				TARGETED_DEVICE_FAMILY = 1;
			};
			name = Release;
		};
		1711F9642DDE16D700753535 /* Debug */ = {
			isa = XCBuildConfiguration;
			buildSettings = {
				BUNDLE_LOADER = "$(TEST_HOST)";
				CODE_SIGN_STYLE = Automatic;
				CURRENT_PROJECT_VERSION = 1;
				DEVELOPMENT_TEAM = 25FS7KFAQF;
				GENERATE_INFOPLIST_FILE = YES;
				IPHONEOS_DEPLOYMENT_TARGET = 18.2;
				MARKETING_VERSION = 1.0;
				PRODUCT_BUNDLE_IDENTIFIER = "n-a.CryptoTestTests";
				PRODUCT_NAME = "$(TARGET_NAME)";
				SWIFT_EMIT_LOC_STRINGS = NO;
				SWIFT_VERSION = 5.0;
				TARGETED_DEVICE_FAMILY = "1,2";
				TEST_HOST = "$(BUILT_PRODUCTS_DIR)/CryptoTest.app/$(BUNDLE_EXECUTABLE_FOLDER_PATH)/CryptoTest";
			};
			name = Debug;
		};
		1711F9652DDE16D700753535 /* Release */ = {
			isa = XCBuildConfiguration;
			buildSettings = {
				BUNDLE_LOADER = "$(TEST_HOST)";
				CODE_SIGN_STYLE = Automatic;
				CURRENT_PROJECT_VERSION = 1;
				DEVELOPMENT_TEAM = 25FS7KFAQF;
				GENERATE_INFOPLIST_FILE = YES;
				IPHONEOS_DEPLOYMENT_TARGET = 18.2;
				MARKETING_VERSION = 1.0;
				PRODUCT_BUNDLE_IDENTIFIER = "n-a.CryptoTestTests";
				PRODUCT_NAME = "$(TARGET_NAME)";
				SWIFT_EMIT_LOC_STRINGS = NO;
				SWIFT_VERSION = 5.0;
				TARGETED_DEVICE_FAMILY = "1,2";
				TEST_HOST = "$(BUILT_PRODUCTS_DIR)/CryptoTest.app/$(BUNDLE_EXECUTABLE_FOLDER_PATH)/CryptoTest";
			};
			name = Release;
		};
/* End XCBuildConfiguration section */

/* Begin XCConfigurationList section */
		1711F9372DDE16D500753535 /* Build configuration list for PBXProject "CryptoTest" */ = {
			isa = XCConfigurationList;
			buildConfigurations = (
				1711F95E2DDE16D700753535 /* Debug */,
				1711F95F2DDE16D700753535 /* Release */,
			);
			defaultConfigurationIsVisible = 0;
			defaultConfigurationName = Release;
		};
		1711F9602DDE16D700753535 /* Build configuration list for PBXNativeTarget "CryptoTest" */ = {
			isa = XCConfigurationList;
			buildConfigurations = (
				1711F9612DDE16D700753535 /* Debug */,
				1711F9622DDE16D700753535 /* Release */,
			);
			defaultConfigurationIsVisible = 0;
			defaultConfigurationName = Release;
		};
		1711F9632DDE16D700753535 /* Build configuration list for PBXNativeTarget "CryptoTestTests" */ = {
			isa = XCConfigurationList;
			buildConfigurations = (
				1711F9642DDE16D700753535 /* Debug */,
				1711F9652DDE16D700753535 /* Release */,
			);
			defaultConfigurationIsVisible = 0;
			defaultConfigurationName = Release;
		};
/* End XCConfigurationList section */

/* Begin XCRemoteSwiftPackageReference section */
		1711FA2B2DDE699500753535 /* XCRemoteSwiftPackageReference "Factory" */ = {
			isa = XCRemoteSwiftPackageReference;
			repositoryURL = "https://github.com/hmlongco/Factory";
			requirement = {
				kind = upToNextMajorVersion;
				minimumVersion = 2.5.2;
			};
		};
/* End XCRemoteSwiftPackageReference section */

/* Begin XCSwiftPackageProductDependency section */
		1711FA2C2DDE699500753535 /* Factory */ = {
			isa = XCSwiftPackageProductDependency;
			package = 1711FA2B2DDE699500753535 /* XCRemoteSwiftPackageReference "Factory" */;
			productName = Factory;
		};
		1711FA302DDE699500753535 /* FactoryTesting */ = {
			isa = XCSwiftPackageProductDependency;
			package = 1711FA2B2DDE699500753535 /* XCRemoteSwiftPackageReference "Factory" */;
			productName = FactoryTesting;
		};
		176A7BA12DDF717B00E322D7 /* FactoryKit */ = {
			isa = XCSwiftPackageProductDependency;
			package = 1711FA2B2DDE699500753535 /* XCRemoteSwiftPackageReference "Factory" */;
			productName = FactoryKit;
		};
/* End XCSwiftPackageProductDependency section */
	};
	rootObject = 1711F9342DDE16D500753535 /* Project object */;
}
